version = 1
revision = 3
requires-python = ">=3.14"

[[package]]
name = "exifread"
version = "3.5.1"
source = { registry = "https://pypi.org/simple" }
sdist = { url = "https://files.pythonhosted.org/packages/e2/4e/d8fce8810d819db47f5b159e75223511c5ccd7ad07c2feca64cf7fab2477/exifread-3.5.1.tar.gz", hash = "sha256:9f998f80d3062741c976dfc4fd033424bc40932937994e4d2181eb70c4b6aedd", size = 56552, upload-time = "2025-08-23T21:59:18.123Z" }
wheels = [
    { url = "https://files.pythonhosted.org/packages/e2/a3/20e34a55c7b225110d3822d07c3cab9e8653d9c179e36783f2ed632a96a7/exifread-3.5.1-py3-none-any.whl", hash = "sha256:e5426ce2857423ad401e575ea9d159dc97449dc041fb6e61b35109caea72c311", size = 59742, upload-time = "2025-08-23T21:59:16.633Z" },
]

[[package]]
name = "hdr-merge-master"
version = "0.1.0"
source = { editable = "." }
dependencies = [
    { name = "exifread" },
    { name = "plyer" },
]

[package.metadata]
requires-dist = [
    { name = "exifread", specifier = ">=3.5.1" },
    { name = "plyer", specifier = ">=2.1.0" },
]

[package.metadata.requires-dev]
dev = []

[[package]]
name = "plyer"
version = "2.1.0"
source = { registry = "https://pypi.org/simple" }
sdist = { url = "https://files.pythonhosted.org/packages/20/85/f61425aa9be1f9108eec1c13861c1e11c9a04eb786eb4832a8f7188317df/plyer-2.1.0.tar.gz", hash = "sha256:65b7dfb7e11e07af37a8487eb2aa69524276ef70dad500b07228ce64736baa61", size = 121371, upload-time = "2022-11-12T13:36:48.978Z" }
wheels = [
    { url = "https://files.pythonhosted.org/packages/d3/89/a41c2643fc8eabeb84791acb9d0e4d139b1e4b53473cc4dae947b5fa33ed/plyer-2.1.0-py2.py3-none-any.whl", hash = "sha256:1b1772060df8b3045ed4f08231690ec8f7de30f5a004aa1724665a9074eed113", size = 142266, upload-time = "2022-11-12T13:36:47.181Z" },
]
